
Microsoft Visual Studio Solution File, Format Version 12.00
# Visual Studio Version 17
VisualStudioVersion = 17.0.31912.275
MinimumVisualStudioVersion = 10.0.40219.1
Project("{9A19103F-16F7-4668-BE54-9A1E7A4F7556}") = "CoefontTest", "CoefontTest\CoefontTest.csproj", "{B5E32A68-E382-4355-96E3-7B21A084F4D2}"
EndProject
Project("{FAE04EC0-301F-11D3-BF4B-00C04F79EFBC}") = "CoefontApi.v1", "CoefontApi.v1\CoefontApi.v1.csproj", "{26E027F8-A13F-4FCA-B3F2-9842180A8880}"
EndProject
Global
	GlobalSection(SolutionConfigurationPlatforms) = preSolution
		Debug|Any CPU = Debug|Any CPU
		Release|Any CPU = Release|Any CPU
	EndGlobalSection
	GlobalSection(ProjectConfigurationPlatforms) = postSolution
		{B5E32A68-E382-4355-96E3-7B21A084F4D2}.Debug|Any CPU.ActiveCfg = Debug|Any CPU
		{B5E32A68-E382-4355-96E3-7B21A084F4D2}.Debug|Any CPU.Build.0 = Debug|Any CPU
		{B5E32A68-E382-4355-96E3-7B21A084F4D2}.Release|Any CPU.ActiveCfg = Release|Any CPU
		{B5E32A68-E382-4355-96E3-7B21A084F4D2}.Release|Any CPU.Build.0 = Release|Any CPU
		{26E027F8-A13F-4FCA-B3F2-9842180A8880}.Debug|Any CPU.ActiveCfg = Debug|Any CPU
		{26E027F8-A13F-4FCA-B3F2-9842180A8880}.Debug|Any CPU.Build.0 = Debug|Any CPU
		{26E027F8-A13F-4FCA-B3F2-9842180A8880}.Release|Any CPU.ActiveCfg = Release|Any CPU
		{26E027F8-A13F-4FCA-B3F2-9842180A8880}.Release|Any CPU.Build.0 = Release|Any CPU
	EndGlobalSection
	GlobalSection(SolutionProperties) = preSolution
		HideSolutionNode = FALSE
	EndGlobalSection
	GlobalSection(ExtensibilityGlobals) = postSolution
		SolutionGuid = {45BD1C48-D861-4D8E-A4E4-F8E8B44663B7}
	EndGlobalSection
EndGlobal
